# THIS IS AN AUTOGENERATED FILE. DO NOT EDIT THIS FILE DIRECTLY.
# yarn lockfile v1


tinymce@^5.10.2:
  version "5.10.2"
  resolved "https://registry.yarnpkg.com/tinymce/-/tinymce-5.10.2.tgz#cf1ff01025909be26c64348509e6de8e70d58e1d"
  integrity sha512-5QhnZ6c8F28fYucLLc00MM37fZoAZ4g7QCYzwIl38i5TwJR5xGqzOv6YMideyLM4tytCzLCRwJoQen2LI66p5A==
